
Microsoft Visual Studio Solution File, Format Version 11.00
# Visual Studio 2010
Project("{FAE04EC0-301F-11D3-BF4B-00C04F79EFBC}") = "Assembly-CSharp", "Assembly-CSharp.csproj", "{1CAFE767-2107-41D7-7247-64E230288F9F}"
EndProject
Project("{FAE04EC0-301F-11D3-BF4B-00C04F79EFBC}") = "AstarPathfindingProject", "AstarPathfindingProject.csproj", "{2B725B54-0746-FB0A-2A58-042219883514}"
EndProject
Project("{FAE04EC0-301F-11D3-BF4B-00C04F79EFBC}") = "Assembly-CSharp-Editor", "Assembly-CSharp-Editor.csproj", "{44403196-E199-0708-426E-6C249F6BCA76}"
EndProject
Project("{FAE04EC0-301F-11D3-BF4B-00C04F79EFBC}") = "AstarPathfindingProjectEditor", "AstarPathfindingProjectEditor.csproj", "{CDF55772-3D08-C241-ABEA-18C97BFD1C5B}"
EndProject
Project("{FAE04EC0-301F-11D3-BF4B-00C04F79EFBC}") = "PackageToolsEditor", "PackageToolsEditor.csproj", "{CFFA18D8-5044-8928-8A7D-4715372472F0}"
EndProject
Global
	GlobalSection(SolutionConfigurationPlatforms) = preSolution
		Debug|Any CPU = Debug|Any CPU
		Release|Any CPU = Release|Any CPU
	EndGlobalSection
	GlobalSection(ProjectConfigurationPlatforms) = postSolution
		{1CAFE767-2107-41D7-7247-64E230288F9F}.Debug|Any CPU.ActiveCfg = Debug|Any CPU
		{1CAFE767-2107-41D7-7247-64E230288F9F}.Debug|Any CPU.Build.0 = Debug|Any CPU
		{1CAFE767-2107-41D7-7247-64E230288F9F}.Release|Any CPU.ActiveCfg = Release|Any CPU
		{1CAFE767-2107-41D7-7247-64E230288F9F}.Release|Any CPU.Build.0 = Release|Any CPU
		{2B725B54-0746-FB0A-2A58-042219883514}.Debug|Any CPU.ActiveCfg = Debug|Any CPU
		{2B725B54-0746-FB0A-2A58-042219883514}.Debug|Any CPU.Build.0 = Debug|Any CPU
		{2B725B54-0746-FB0A-2A58-042219883514}.Release|Any CPU.ActiveCfg = Release|Any CPU
		{2B725B54-0746-FB0A-2A58-042219883514}.Release|Any CPU.Build.0 = Release|Any CPU
		{44403196-E199-0708-426E-6C249F6BCA76}.Debug|Any CPU.ActiveCfg = Debug|Any CPU
		{44403196-E199-0708-426E-6C249F6BCA76}.Debug|Any CPU.Build.0 = Debug|Any CPU
		{44403196-E199-0708-426E-6C249F6BCA76}.Release|Any CPU.ActiveCfg = Release|Any CPU
		{44403196-E199-0708-426E-6C249F6BCA76}.Release|Any CPU.Build.0 = Release|Any CPU
		{CDF55772-3D08-C241-ABEA-18C97BFD1C5B}.Debug|Any CPU.ActiveCfg = Debug|Any CPU
		{CDF55772-3D08-C241-ABEA-18C97BFD1C5B}.Debug|Any CPU.Build.0 = Debug|Any CPU
		{CDF55772-3D08-C241-ABEA-18C97BFD1C5B}.Release|Any CPU.ActiveCfg = Release|Any CPU
		{CDF55772-3D08-C241-ABEA-18C97BFD1C5B}.Release|Any CPU.Build.0 = Release|Any CPU
		{CFFA18D8-5044-8928-8A7D-4715372472F0}.Debug|Any CPU.ActiveCfg = Debug|Any CPU
		{CFFA18D8-5044-8928-8A7D-4715372472F0}.Debug|Any CPU.Build.0 = Debug|Any CPU
		{CFFA18D8-5044-8928-8A7D-4715372472F0}.Release|Any CPU.ActiveCfg = Release|Any CPU
		{CFFA18D8-5044-8928-8A7D-4715372472F0}.Release|Any CPU.Build.0 = Release|Any CPU
	EndGlobalSection
	GlobalSection(SolutionProperties) = preSolution
		HideSolutionNode = FALSE
	EndGlobalSection
EndGlobal
